
Microsoft Visual Studio Solution File, Format Version 12.00
# Visual Studio Version 17
VisualStudioVersion = 17.0.31903.59
MinimumVisualStudioVersion = 10.0.40219.1
Project("{FAE04EC0-301F-11D3-BF4B-00C04F79EFBC}") = "JsonHelper.Net", "JsonHelper.Net\JsonHelper.Net.csproj", "{FD1E72B6-DB02-4B07-AB16-BB6BC13D1203}"
EndProject
Project("{FAE04EC0-301F-11D3-BF4B-00C04F79EFBC}") = "JsonHelper.Net.Test", "JsonHelper.Net.Test\JsonHelper.Net.Test.csproj", "{AF1FF2D7-7481-4973-9936-9593DB549DA2}"
EndProject
Global
	GlobalSection(SolutionConfigurationPlatforms) = preSolution
		Debug|Any CPU = Debug|Any CPU
		Release|Any CPU = Release|Any CPU
	EndGlobalSection
	GlobalSection(SolutionProperties) = preSolution
		HideSolutionNode = FALSE
	EndGlobalSection
	GlobalSection(ProjectConfigurationPlatforms) = postSolution
		{FD1E72B6-DB02-4B07-AB16-BB6BC13D1203}.Debug|Any CPU.ActiveCfg = Debug|Any CPU
		{FD1E72B6-DB02-4B07-AB16-BB6BC13D1203}.Debug|Any CPU.Build.0 = Debug|Any CPU
		{FD1E72B6-DB02-4B07-AB16-BB6BC13D1203}.Release|Any CPU.ActiveCfg = Release|Any CPU
		{FD1E72B6-DB02-4B07-AB16-BB6BC13D1203}.Release|Any CPU.Build.0 = Release|Any CPU
		{AF1FF2D7-7481-4973-9936-9593DB549DA2}.Debug|Any CPU.ActiveCfg = Debug|Any CPU
		{AF1FF2D7-7481-4973-9936-9593DB549DA2}.Debug|Any CPU.Build.0 = Debug|Any CPU
		{AF1FF2D7-7481-4973-9936-9593DB549DA2}.Release|Any CPU.ActiveCfg = Release|Any CPU
		{AF1FF2D7-7481-4973-9936-9593DB549DA2}.Release|Any CPU.Build.0 = Release|Any CPU
	EndGlobalSection
EndGlobal
